
Microsoft Visual Studio Solution File, Format Version 12.00
# Visual Studio Version 17
VisualStudioVersion = 17.8.34330.188
MinimumVisualStudioVersion = 10.0.40219.1
Project("{2150E333-8FDC-42A3-9474-1A3956D46DE8}") = "Identity", "Identity", "{6983EC8E-49D3-42C1-9AFC-E04D258D787C}"
EndProject
Project("{2150E333-8FDC-42A3-9474-1A3956D46DE8}") = "Microservices", "Microservices", "{F4BAE4F6-7924-46C6-9A79-7C3D60A0BF14}"
EndProject
Project("{2150E333-8FDC-42A3-9474-1A3956D46DE8}") = "ApiGateway", "ApiGateway", "{B2AC4812-65E1-4A49-94B2-ACEDA912A1D5}"
EndProject
Project("{2150E333-8FDC-42A3-9474-1A3956D46DE8}") = "AdventureService", "AdventureService", "{40884CC2-1C4D-4DE5-B4EE-9783A4A7DFB9}"
EndProject
Project("{9A19103F-16F7-4668-BE54-9A1E7A4F7556}") = "Adventure.Api", "Adventure.Api\Adventure.Api.csproj", "{AD4D887E-3A59-46F0-9ED7-1FA4C33C89C0}"
EndProject
Project("{9A19103F-16F7-4668-BE54-9A1E7A4F7556}") = "Adventure.Application", "Adventure.Application\Adventure.Application.csproj", "{4BA73B80-A55D-4887-AE76-380130203342}"
EndProject
Project("{9A19103F-16F7-4668-BE54-9A1E7A4F7556}") = "Adventure.Domain", "Adventure.Domain\Adventure.Domain.csproj", "{160A04C5-4D17-4338-8DCC-D9FDDF8ACB2D}"
EndProject
Project("{9A19103F-16F7-4668-BE54-9A1E7A4F7556}") = "Adventure.Infrastructure", "Adventure.Infrastructure\Adventure.Infrastructure.csproj", "{81D9DC7B-DE35-4378-A82C-4892000DA9F8}"
EndProject
Project("{9A19103F-16F7-4668-BE54-9A1E7A4F7556}") = "Identity.Api", "Identity.Api\Identity.Api.csproj", "{9E98FB28-5856-4363-A56C-D7DC2ACEC4D4}"
EndProject
Project("{9A19103F-16F7-4668-BE54-9A1E7A4F7556}") = "Identity.Application", "Identity.Application\Identity.Application.csproj", "{18247F07-29F4-4787-8932-57BFEB44A8C9}"
EndProject
Project("{9A19103F-16F7-4668-BE54-9A1E7A4F7556}") = "Identity.Domain", "Identity.Domain\Identity.Domain.csproj", "{3D488E74-DBD2-4B05-833A-66006AFB79C7}"
EndProject
Project("{9A19103F-16F7-4668-BE54-9A1E7A4F7556}") = "Identity.Infrastructure", "Identity.Infrastructure\Identity.Infrastructure.csproj", "{D9ED960C-BC31-4CC0-A80C-9C02A8085B7E}"
EndProject
Project("{2150E333-8FDC-42A3-9474-1A3956D46DE8}") = "CommonService", "CommonService", "{28D841FB-165C-4227-9DAC-191F87C3DA49}"
EndProject
Project("{9A19103F-16F7-4668-BE54-9A1E7A4F7556}") = "CommonData", "CommonData\CommonData.csproj", "{762431FA-1723-4412-9201-C5AC81F2AB73}"
EndProject
Project("{FAE04EC0-301F-11D3-BF4B-00C04F79EFBC}") = "ApiGateway_Api", "ApiGateway_Api\ApiGateway_Api.csproj", "{5ECA8303-8176-4B44-A306-5AFCB1C64BF7}"
EndProject
Global
	GlobalSection(SolutionConfigurationPlatforms) = preSolution
		Debug|Any CPU = Debug|Any CPU
		Release|Any CPU = Release|Any CPU
	EndGlobalSection
	GlobalSection(ProjectConfigurationPlatforms) = postSolution
		{AD4D887E-3A59-46F0-9ED7-1FA4C33C89C0}.Debug|Any CPU.ActiveCfg = Debug|Any CPU
		{AD4D887E-3A59-46F0-9ED7-1FA4C33C89C0}.Debug|Any CPU.Build.0 = Debug|Any CPU
		{AD4D887E-3A59-46F0-9ED7-1FA4C33C89C0}.Release|Any CPU.ActiveCfg = Release|Any CPU
		{AD4D887E-3A59-46F0-9ED7-1FA4C33C89C0}.Release|Any CPU.Build.0 = Release|Any CPU
		{4BA73B80-A55D-4887-AE76-380130203342}.Debug|Any CPU.ActiveCfg = Debug|Any CPU
		{4BA73B80-A55D-4887-AE76-380130203342}.Debug|Any CPU.Build.0 = Debug|Any CPU
		{4BA73B80-A55D-4887-AE76-380130203342}.Release|Any CPU.ActiveCfg = Release|Any CPU
		{4BA73B80-A55D-4887-AE76-380130203342}.Release|Any CPU.Build.0 = Release|Any CPU
		{160A04C5-4D17-4338-8DCC-D9FDDF8ACB2D}.Debug|Any CPU.ActiveCfg = Debug|Any CPU
		{160A04C5-4D17-4338-8DCC-D9FDDF8ACB2D}.Debug|Any CPU.Build.0 = Debug|Any CPU
		{160A04C5-4D17-4338-8DCC-D9FDDF8ACB2D}.Release|Any CPU.ActiveCfg = Release|Any CPU
		{160A04C5-4D17-4338-8DCC-D9FDDF8ACB2D}.Release|Any CPU.Build.0 = Release|Any CPU
		{81D9DC7B-DE35-4378-A82C-4892000DA9F8}.Debug|Any CPU.ActiveCfg = Debug|Any CPU
		{81D9DC7B-DE35-4378-A82C-4892000DA9F8}.Debug|Any CPU.Build.0 = Debug|Any CPU
		{81D9DC7B-DE35-4378-A82C-4892000DA9F8}.Release|Any CPU.ActiveCfg = Release|Any CPU
		{81D9DC7B-DE35-4378-A82C-4892000DA9F8}.Release|Any CPU.Build.0 = Release|Any CPU
		{9E98FB28-5856-4363-A56C-D7DC2ACEC4D4}.Debug|Any CPU.ActiveCfg = Debug|Any CPU
		{9E98FB28-5856-4363-A56C-D7DC2ACEC4D4}.Debug|Any CPU.Build.0 = Debug|Any CPU
		{9E98FB28-5856-4363-A56C-D7DC2ACEC4D4}.Release|Any CPU.ActiveCfg = Release|Any CPU
		{9E98FB28-5856-4363-A56C-D7DC2ACEC4D4}.Release|Any CPU.Build.0 = Release|Any CPU
		{18247F07-29F4-4787-8932-57BFEB44A8C9}.Debug|Any CPU.ActiveCfg = Debug|Any CPU
		{18247F07-29F4-4787-8932-57BFEB44A8C9}.Debug|Any CPU.Build.0 = Debug|Any CPU
		{18247F07-29F4-4787-8932-57BFEB44A8C9}.Release|Any CPU.ActiveCfg = Release|Any CPU
		{18247F07-29F4-4787-8932-57BFEB44A8C9}.Release|Any CPU.Build.0 = Release|Any CPU
		{3D488E74-DBD2-4B05-833A-66006AFB79C7}.Debug|Any CPU.ActiveCfg = Debug|Any CPU
		{3D488E74-DBD2-4B05-833A-66006AFB79C7}.Debug|Any CPU.Build.0 = Debug|Any CPU
		{3D488E74-DBD2-4B05-833A-66006AFB79C7}.Release|Any CPU.ActiveCfg = Release|Any CPU
		{3D488E74-DBD2-4B05-833A-66006AFB79C7}.Release|Any CPU.Build.0 = Release|Any CPU
		{D9ED960C-BC31-4CC0-A80C-9C02A8085B7E}.Debug|Any CPU.ActiveCfg = Debug|Any CPU
		{D9ED960C-BC31-4CC0-A80C-9C02A8085B7E}.Debug|Any CPU.Build.0 = Debug|Any CPU
		{D9ED960C-BC31-4CC0-A80C-9C02A8085B7E}.Release|Any CPU.ActiveCfg = Release|Any CPU
		{D9ED960C-BC31-4CC0-A80C-9C02A8085B7E}.Release|Any CPU.Build.0 = Release|Any CPU
		{762431FA-1723-4412-9201-C5AC81F2AB73}.Debug|Any CPU.ActiveCfg = Debug|Any CPU
		{762431FA-1723-4412-9201-C5AC81F2AB73}.Debug|Any CPU.Build.0 = Debug|Any CPU
		{762431FA-1723-4412-9201-C5AC81F2AB73}.Release|Any CPU.ActiveCfg = Release|Any CPU
		{762431FA-1723-4412-9201-C5AC81F2AB73}.Release|Any CPU.Build.0 = Release|Any CPU
		{5ECA8303-8176-4B44-A306-5AFCB1C64BF7}.Debug|Any CPU.ActiveCfg = Debug|Any CPU
		{5ECA8303-8176-4B44-A306-5AFCB1C64BF7}.Debug|Any CPU.Build.0 = Debug|Any CPU
		{5ECA8303-8176-4B44-A306-5AFCB1C64BF7}.Release|Any CPU.ActiveCfg = Release|Any CPU
		{5ECA8303-8176-4B44-A306-5AFCB1C64BF7}.Release|Any CPU.Build.0 = Release|Any CPU
	EndGlobalSection
	GlobalSection(SolutionProperties) = preSolution
		HideSolutionNode = FALSE
	EndGlobalSection
	GlobalSection(NestedProjects) = preSolution
		{40884CC2-1C4D-4DE5-B4EE-9783A4A7DFB9} = {F4BAE4F6-7924-46C6-9A79-7C3D60A0BF14}
		{AD4D887E-3A59-46F0-9ED7-1FA4C33C89C0} = {40884CC2-1C4D-4DE5-B4EE-9783A4A7DFB9}
		{4BA73B80-A55D-4887-AE76-380130203342} = {40884CC2-1C4D-4DE5-B4EE-9783A4A7DFB9}
		{160A04C5-4D17-4338-8DCC-D9FDDF8ACB2D} = {40884CC2-1C4D-4DE5-B4EE-9783A4A7DFB9}
		{81D9DC7B-DE35-4378-A82C-4892000DA9F8} = {40884CC2-1C4D-4DE5-B4EE-9783A4A7DFB9}
		{9E98FB28-5856-4363-A56C-D7DC2ACEC4D4} = {6983EC8E-49D3-42C1-9AFC-E04D258D787C}
		{18247F07-29F4-4787-8932-57BFEB44A8C9} = {6983EC8E-49D3-42C1-9AFC-E04D258D787C}
		{3D488E74-DBD2-4B05-833A-66006AFB79C7} = {6983EC8E-49D3-42C1-9AFC-E04D258D787C}
		{D9ED960C-BC31-4CC0-A80C-9C02A8085B7E} = {6983EC8E-49D3-42C1-9AFC-E04D258D787C}
		{762431FA-1723-4412-9201-C5AC81F2AB73} = {28D841FB-165C-4227-9DAC-191F87C3DA49}
		{5ECA8303-8176-4B44-A306-5AFCB1C64BF7} = {B2AC4812-65E1-4A49-94B2-ACEDA912A1D5}
	EndGlobalSection
	GlobalSection(ExtensibilityGlobals) = postSolution
		SolutionGuid = {FC6835E6-E435-479C-8173-A949EFBB76E4}
	EndGlobalSection
EndGlobal
